
Microsoft Visual Studio Solution File, Format Version 12.00
# Visual Studio Version 17
VisualStudioVersion = 17.13.35919.96 d17.13
MinimumVisualStudioVersion = 10.0.40219.1
Project("{FAE04EC0-301F-11D3-BF4B-00C04F79EFBC}") = "TaskMaster", "TaskMaster\TaskMaster.csproj", "{AB148744-79CA-4847-AEEA-AEE0CBF1EAB0}"
EndProject
Global
	GlobalSection(SolutionConfigurationPlatforms) = preSolution
		Debug|Any CPU = Debug|Any CPU
		Release|Any CPU = Release|Any CPU
	EndGlobalSection
	GlobalSection(ProjectConfigurationPlatforms) = postSolution
		{AB148744-79CA-4847-AEEA-AEE0CBF1EAB0}.Debug|Any CPU.ActiveCfg = Debug|Any CPU
		{AB148744-79CA-4847-AEEA-AEE0CBF1EAB0}.Debug|Any CPU.Build.0 = Debug|Any CPU
		{AB148744-79CA-4847-AEEA-AEE0CBF1EAB0}.Release|Any CPU.ActiveCfg = Release|Any CPU
		{AB148744-79CA-4847-AEEA-AEE0CBF1EAB0}.Release|Any CPU.Build.0 = Release|Any CPU
	EndGlobalSection
	GlobalSection(SolutionProperties) = preSolution
		HideSolutionNode = FALSE
	EndGlobalSection
	GlobalSection(ExtensibilityGlobals) = postSolution
		SolutionGuid = {AD6B50E0-5EEB-4385-88BD-1E6D54A5AB31}
	EndGlobalSection
EndGlobal
